
Microsoft Visual Studio Solution File, Format Version 12.00
# Visual Studio Version 17
VisualStudioVersion = 17.14.36301.6 d17.14
MinimumVisualStudioVersion = 10.0.40219.1
Project("{FAE04EC0-301F-11D3-BF4B-00C04F79EFBC}") = "MyLogicAppTests", "MyLogicAppTests.csproj", "{FDDF98BF-19F0-42A8-B2E0-1055EF8F4D1C}"
EndProject
Global
	GlobalSection(SolutionConfigurationPlatforms) = preSolution
		Debug|Any CPU = Debug|Any CPU
		Release|Any CPU = Release|Any CPU
	EndGlobalSection
	GlobalSection(ProjectConfigurationPlatforms) = postSolution
		{FDDF98BF-19F0-42A8-B2E0-1055EF8F4D1C}.Debug|Any CPU.ActiveCfg = Debug|Any CPU
		{FDDF98BF-19F0-42A8-B2E0-1055EF8F4D1C}.Debug|Any CPU.Build.0 = Debug|Any CPU
		{FDDF98BF-19F0-42A8-B2E0-1055EF8F4D1C}.Release|Any CPU.ActiveCfg = Release|Any CPU
		{FDDF98BF-19F0-42A8-B2E0-1055EF8F4D1C}.Release|Any CPU.Build.0 = Release|Any CPU
	EndGlobalSection
	GlobalSection(SolutionProperties) = preSolution
		HideSolutionNode = FALSE
	EndGlobalSection
	GlobalSection(ExtensibilityGlobals) = postSolution
		SolutionGuid = {E9DBF3EF-CFA6-4F3E-84ED-384DC61FDEA5}
	EndGlobalSection
EndGlobal
